{
  "name": "codepen-box",
  "version": "1.0.0",
  "lockfileVersion": 1,
  "requires": true,
  "dependencies": {
    "@types/node": {
      "version": "20.2.5",
      "resolved": "https://registry.npmjs.org/@types/node/-/node-20.2.5.tgz",
      "integrity": "sha512-JJulVEQXmiY9Px5axXHeYGLSjhkZEnD+MDPDGbCbIAbMslkKwmygtZFy1X6s/075Yo94sf8GuSlFfPzysQrWZQ==",
      "dev": true
    },
    "tempjs-template": {
      "version": "1.0.7",
      "resolved": "https://registry.npmjs.org/tempjs-template/-/tempjs-template-1.0.7.tgz",
      "integrity": "sha512-uKaGfwDEKHISDYw5YIcvXruB/qJ4g+Peb+W9mTKpBENWEVVVU32ohj6NsTcVj5axwU3fnagCRGcx/M2UwMkwow=="
    },
    "typescript": {
      "version": "5.0.4",
      "resolved": "https://registry.npmjs.org/typescript/-/typescript-5.0.4.tgz",
      "integrity": "sha512-cW9T5W9xY37cc+jfEnaUvX91foxtHkza3Nw3wkoF4sSlKn0MONdkdEndig/qPBWXNkmplh3NzayQzCiHM4/hqw==",
      "dev": true
    }
  }
}
